// !$*UTF8*$!
{
	archiveVersion = 1;
	classes = {
	};
	objectVersion = 46;
	objects = {

/* Begin PBXBuildFile section */
		2AF0B2C51C91210600148105 /* main.m in Sources */ = {isa = PBXBuildFile; fileRef = 2AF0B2C41C91210600148105 /* main.m */; };
		2AF0B2C81C91210600148105 /* AppDelegate.m in Sources */ = {isa = PBXBuildFile; fileRef = 2AF0B2C71C91210600148105 /* AppDelegate.m */; };
		2AF0B2CB1C91210600148105 /* ViewController.m in Sources */ = {isa = PBXBuildFile; fileRef = 2AF0B2CA1C91210600148105 /* ViewController.m */; };
		2AF0B2CE1C91210600148105 /* Main.storyboard in Resources */ = {isa = PBXBuildFile; fileRef = 2AF0B2CC1C91210600148105 /* Main.storyboard */; };
		2AF0B2D01C91210600148105 /* Assets.xcassets in Resources */ = {isa = PBXBuildFile; fileRef = 2AF0B2CF1C91210600148105 /* Assets.xcassets */; };
		2AF0B2D31C91210600148105 /* LaunchScreen.storyboard in Resources */ = {isa = PBXBuildFile; fileRef = 2AF0B2D11C91210600148105 /* LaunchScreen.storyboard */; };
		2AF0B2DE1C91210600148105 /* LMJEndlessLoopScrollTests.m in Sources */ = {isa = PBXBuildFile; fileRef = 2AF0B2DD1C91210600148105 /* LMJEndlessLoopScrollTests.m */; };
		2AF0B2E91C91210600148105 /* LMJEndlessLoopScrollUITests.m in Sources */ = {isa = PBXBuildFile; fileRef = 2AF0B2E81C91210600148105 /* LMJEndlessLoopScrollUITests.m */; };
		2AF0B2F91C91214700148105 /* LMJEndlessLoopScrollView.m in Sources */ = {isa = PBXBuildFile; fileRef = 2AF0B2F81C91214700148105 /* LMJEndlessLoopScrollView.m */; };
		2AF0B2FC1C914E8E00148105 /* NSTimer+ForLMJEndlessLoopScrollView.m in Sources */ = {isa = PBXBuildFile; fileRef = 2AF0B2FB1C914E8E00148105 /* NSTimer+ForLMJEndlessLoopScrollView.m */; };
/* End PBXBuildFile section */

/* Begin PBXContainerItemProxy section */
		2AF0B2DA1C91210600148105 /* PBXContainerItemProxy */ = {
			isa = PBXContainerItemProxy;
			containerPortal = 2AF0B2B81C91210600148105 /* Project object */;
			proxyType = 1;
			remoteGlobalIDString = 2AF0B2BF1C91210600148105;
			remoteInfo = LMJEndlessLoopScroll;
		};
		2AF0B2E51C91210600148105 /* PBXContainerItemProxy */ = {
			isa = PBXContainerItemProxy;
			containerPortal = 2AF0B2B81C91210600148105 /* Project object */;
			proxyType = 1;
			remoteGlobalIDString = 2AF0B2BF1C91210600148105;
			remoteInfo = LMJEndlessLoopScroll;
		};
/* End PBXContainerItemProxy section */

/* Begin PBXFileReference section */
		2AF0B2C01C91210600148105 /* LMJEndlessLoopScroll.app */ = {isa = PBXFileReference; explicitFileType = wrapper.application; includeInIndex = 0; path = LMJEndlessLoopScroll.app; sourceTree = BUILT_PRODUCTS_DIR; };
		2AF0B2C41C91210600148105 /* main.m */ = {isa = PBXFileReference; lastKnownFileType = sourcecode.c.objc; path = main.m; sourceTree = "<group>"; };
		2AF0B2C61C91210600148105 /* AppDelegate.h */ = {isa = PBXFileReference; lastKnownFileType = sourcecode.c.h; path = AppDelegate.h; sourceTree = "<group>"; };
		2AF0B2C71C91210600148105 /* AppDelegate.m */ = {isa = PBXFileReference; lastKnownFileType = sourcecode.c.objc; path = AppDelegate.m; sourceTree = "<group>"; };
		2AF0B2C91C91210600148105 /* ViewController.h */ = {isa = PBXFileReference; lastKnownFileType = sourcecode.c.h; path = ViewController.h; sourceTree = "<group>"; };
		2AF0B2CA1C91210600148105 /* ViewController.m */ = {isa = PBXFileReference; lastKnownFileType = sourcecode.c.objc; path = ViewController.m; sourceTree = "<group>"; };
		2AF0B2CD1C91210600148105 /* Base */ = {isa = PBXFileReference; lastKnownFileType = file.storyboard; name = Base; path = Base.lproj/Main.storyboard; sourceTree = "<group>"; };
		2AF0B2CF1C91210600148105 /* Assets.xcassets */ = {isa = PBXFileReference; lastKnownFileType = folder.assetcatalog; path = Assets.xcassets; sourceTree = "<group>"; };
		2AF0B2D21C91210600148105 /* Base */ = {isa = PBXFileReference; lastKnownFileType = file.storyboard; name = Base; path = Base.lproj/LaunchScreen.storyboard; sourceTree = "<group>"; };
		2AF0B2D41C91210600148105 /* Info.plist */ = {isa = PBXFileReference; lastKnownFileType = text.plist.xml; path = Info.plist; sourceTree = "<group>"; };
		2AF0B2D91C91210600148105 /* LMJEndlessLoopScrollTests.xctest */ = {isa = PBXFileReference; explicitFileType = wrapper.cfbundle; includeInIndex = 0; path = LMJEndlessLoopScrollTests.xctest; sourceTree = BUILT_PRODUCTS_DIR; };
		2AF0B2DD1C91210600148105 /* LMJEndlessLoopScrollTests.m */ = {isa = PBXFileReference; lastKnownFileType = sourcecode.c.objc; path = LMJEndlessLoopScrollTests.m; sourceTree = "<group>"; };
		2AF0B2DF1C91210600148105 /* Info.plist */ = {isa = PBXFileReference; lastKnownFileType = text.plist.xml; path = Info.plist; sourceTree = "<group>"; };
		2AF0B2E41C91210600148105 /* LMJEndlessLoopScrollUITests.xctest */ = {isa = PBXFileReference; explicitFileType = wrapper.cfbundle; includeInIndex = 0; path = LMJEndlessLoopScrollUITests.xctest; sourceTree = BUILT_PRODUCTS_DIR; };
		2AF0B2E81C91210600148105 /* LMJEndlessLoopScrollUITests.m */ = {isa = PBXFileReference; lastKnownFileType = sourcecode.c.objc; path = LMJEndlessLoopScrollUITests.m; sourceTree = "<group>"; };
		2AF0B2EA1C91210600148105 /* Info.plist */ = {isa = PBXFileReference; lastKnownFileType = text.plist.xml; path = Info.plist; sourceTree = "<group>"; };
		2AF0B2F71C91214700148105 /* LMJEndlessLoopScrollView.h */ = {isa = PBXFileReference; fileEncoding = 4; lastKnownFileType = sourcecode.c.h; path = LMJEndlessLoopScrollView.h; sourceTree = "<group>"; };
		2AF0B2F81C91214700148105 /* LMJEndlessLoopScrollView.m */ = {isa = PBXFileReference; fileEncoding = 4; lastKnownFileType = sourcecode.c.objc; path = LMJEndlessLoopScrollView.m; sourceTree = "<group>"; };
		2AF0B2FA1C914E8E00148105 /* NSTimer+ForLMJEndlessLoopScrollView.h */ = {isa = PBXFileReference; fileEncoding = 4; lastKnownFileType = sourcecode.c.h; path = "NSTimer+ForLMJEndlessLoopScrollView.h"; sourceTree = "<group>"; };
		2AF0B2FB1C914E8E00148105 /* NSTimer+ForLMJEndlessLoopScrollView.m */ = {isa = PBXFileReference; fileEncoding = 4; lastKnownFileType = sourcecode.c.objc; path = "NSTimer+ForLMJEndlessLoopScrollView.m"; sourceTree = "<group>"; };
/* End PBXFileReference section */

/* Begin PBXFrameworksBuildPhase section */
		2AF0B2BD1C91210600148105 /* Frameworks */ = {
			isa = PBXFrameworksBuildPhase;
			buildActionMask = 2147483647;
			files = (
			);
			runOnlyForDeploymentPostprocessing = 0;
		};
		2AF0B2D61C91210600148105 /* Frameworks */ = {
			isa = PBXFrameworksBuildPhase;
			buildActionMask = 2147483647;
			files = (
			);
			runOnlyForDeploymentPostprocessing = 0;
		};
		2AF0B2E11C91210600148105 /* Frameworks */ = {
			isa = PBXFrameworksBuildPhase;
			buildActionMask = 2147483647;
			files = (
			);
			runOnlyForDeploymentPostprocessing = 0;
		};
/* End PBXFrameworksBuildPhase section */

/* Begin PBXGroup section */
		2AF0B2B71C91210600148105 = {
			isa = PBXGroup;
			children = (
				2AF0B2F61C91211A00148105 /* LMJEndlessLoopScrollView */,
				2AF0B2C21C91210600148105 /* LMJEndlessLoopScroll */,
				2AF0B2DC1C91210600148105 /* LMJEndlessLoopScrollTests */,
				2AF0B2E71C91210600148105 /* LMJEndlessLoopScrollUITests */,
				2AF0B2C11C91210600148105 /* Products */,
			);
			sourceTree = "<group>";
		};
		2AF0B2C11C91210600148105 /* Products */ = {
			isa = PBXGroup;
			children = (
				2AF0B2C01C91210600148105 /* LMJEndlessLoopScroll.app */,
				2AF0B2D91C91210600148105 /* LMJEndlessLoopScrollTests.xctest */,
				2AF0B2E41C91210600148105 /* LMJEndlessLoopScrollUITests.xctest */,
			);
			name = Products;
			sourceTree = "<group>";
		};
		2AF0B2C21C91210600148105 /* LMJEndlessLoopScroll */ = {
			isa = PBXGroup;
			children = (
				2AF0B2C61C91210600148105 /* AppDelegate.h */,
				2AF0B2C71C91210600148105 /* AppDelegate.m */,
				2AF0B2C91C91210600148105 /* ViewController.h */,
				2AF0B2CA1C91210600148105 /* ViewController.m */,
				2AF0B2CC1C91210600148105 /* Main.storyboard */,
				2AF0B2CF1C91210600148105 /* Assets.xcassets */,
				2AF0B2D11C91210600148105 /* LaunchScreen.storyboard */,
				2AF0B2D41C91210600148105 /* Info.plist */,
				2AF0B2C31C91210600148105 /* Supporting Files */,
			);
			path = LMJEndlessLoopScroll;
			sourceTree = "<group>";
		};
		2AF0B2C31C91210600148105 /* Supporting Files */ = {
			isa = PBXGroup;
			children = (
				2AF0B2C41C91210600148105 /* main.m */,
			);
			name = "Supporting Files";
			sourceTree = "<group>";
		};
		2AF0B2DC1C91210600148105 /* LMJEndlessLoopScrollTests */ = {
			isa = PBXGroup;
			children = (
				2AF0B2DD1C91210600148105 /* LMJEndlessLoopScrollTests.m */,
				2AF0B2DF1C91210600148105 /* Info.plist */,
			);
			path = LMJEndlessLoopScrollTests;
			sourceTree = "<group>";
		};
		2AF0B2E71C91210600148105 /* LMJEndlessLoopScrollUITests */ = {
			isa = PBXGroup;
			children = (
				2AF0B2E81C91210600148105 /* LMJEndlessLoopScrollUITests.m */,
				2AF0B2EA1C91210600148105 /* Info.plist */,
			);
			path = LMJEndlessLoopScrollUITests;
			sourceTree = "<group>";
		};
		2AF0B2F61C91211A00148105 /* LMJEndlessLoopScrollView */ = {
			isa = PBXGroup;
			children = (
				2AF0B2F71C91214700148105 /* LMJEndlessLoopScrollView.h */,
				2AF0B2F81C91214700148105 /* LMJEndlessLoopScrollView.m */,
				2AF0B2FA1C914E8E00148105 /* NSTimer+ForLMJEndlessLoopScrollView.h */,
				2AF0B2FB1C914E8E00148105 /* NSTimer+ForLMJEndlessLoopScrollView.m */,
			);
			path = LMJEndlessLoopScrollView;
			sourceTree = "<group>";
		};
/* End PBXGroup section */

/* Begin PBXNativeTarget section */
		2AF0B2BF1C91210600148105 /* LMJEndlessLoopScroll */ = {
			isa = PBXNativeTarget;
			buildConfigurationList = 2AF0B2ED1C91210600148105 /* Build configuration list for PBXNativeTarget "LMJEndlessLoopScroll" */;
			buildPhases = (
				2AF0B2BC1C91210600148105 /* Sources */,
				2AF0B2BD1C91210600148105 /* Frameworks */,
				2AF0B2BE1C91210600148105 /* Resources */,
			);
			buildRules = (
			);
			dependencies = (
			);
			name = LMJEndlessLoopScroll;
			productName = LMJEndlessLoopScroll;
			productReference = 2AF0B2C01C91210600148105 /* LMJEndlessLoopScroll.app */;
			productType = "com.apple.product-type.application";
		};
		2AF0B2D81C91210600148105 /* LMJEndlessLoopScrollTests */ = {
			isa = PBXNativeTarget;
			buildConfigurationList = 2AF0B2F01C91210600148105 /* Build configuration list for PBXNativeTarget "LMJEndlessLoopScrollTests" */;
			buildPhases = (
				2AF0B2D51C91210600148105 /* Sources */,
				2AF0B2D61C91210600148105 /* Frameworks */,
				2AF0B2D71C91210600148105 /* Resources */,
			);
			buildRules = (
			);
			dependencies = (
				2AF0B2DB1C91210600148105 /* PBXTargetDependency */,
			);
			name = LMJEndlessLoopScrollTests;
			productName = LMJEndlessLoopScrollTests;
			productReference = 2AF0B2D91C91210600148105 /* LMJEndlessLoopScrollTests.xctest */;
			productType = "com.apple.product-type.bundle.unit-test";
		};
		2AF0B2E31C91210600148105 /* LMJEndlessLoopScrollUITests */ = {
			isa = PBXNativeTarget;
			buildConfigurationList = 2AF0B2F31C91210600148105 /* Build configuration list for PBXNativeTarget "LMJEndlessLoopScrollUITests" */;
			buildPhases = (
				2AF0B2E01C91210600148105 /* Sources */,
				2AF0B2E11C91210600148105 /* Frameworks */,
				2AF0B2E21C91210600148105 /* Resources */,
			);
			buildRules = (
			);
			dependencies = (
				2AF0B2E61C91210600148105 /* PBXTargetDependency */,
			);
			name = LMJEndlessLoopScrollUITests;
			productName = LMJEndlessLoopScrollUITests;
			productReference = 2AF0B2E41C91210600148105 /* LMJEndlessLoopScrollUITests.xctest */;
			productType = "com.apple.product-type.bundle.ui-testing";
		};
/* End PBXNativeTarget section */

/* Begin PBXProject section */
		2AF0B2B81C91210600148105 /* Project object */ = {
			isa = PBXProject;
			attributes = {
				LastUpgradeCheck = 0720;
				ORGANIZATIONNAME = "iOS开发者公会";
				TargetAttributes = {
					2AF0B2BF1C91210600148105 = {
						CreatedOnToolsVersion = 7.2.1;
					};
					2AF0B2D81C91210600148105 = {
						CreatedOnToolsVersion = 7.2.1;
						TestTargetID = 2AF0B2BF1C91210600148105;
					};
					2AF0B2E31C91210600148105 = {
						CreatedOnToolsVersion = 7.2.1;
						TestTargetID = 2AF0B2BF1C91210600148105;
					};
				};
			};
			buildConfigurationList = 2AF0B2BB1C91210600148105 /* Build configuration list for PBXProject "LMJEndlessLoopScroll" */;
			compatibilityVersion = "Xcode 3.2";
			developmentRegion = English;
			hasScannedForEncodings = 0;
			knownRegions = (
				en,
				Base,
			);
			mainGroup = 2AF0B2B71C91210600148105;
			productRefGroup = 2AF0B2C11C91210600148105 /* Products */;
			projectDirPath = "";
			projectRoot = "";
			targets = (
				2AF0B2BF1C91210600148105 /* LMJEndlessLoopScroll */,
				2AF0B2D81C91210600148105 /* LMJEndlessLoopScrollTests */,
				2AF0B2E31C91210600148105 /* LMJEndlessLoopScrollUITests */,
			);
		};
/* End PBXProject section */

/* Begin PBXResourcesBuildPhase section */
		2AF0B2BE1C91210600148105 /* Resources */ = {
			isa = PBXResourcesBuildPhase;
			buildActionMask = 2147483647;
			files = (
				2AF0B2D31C91210600148105 /* LaunchScreen.storyboard in Resources */,
				2AF0B2D01C91210600148105 /* Assets.xcassets in Resources */,
				2AF0B2CE1C91210600148105 /* Main.storyboard in Resources */,
			);
			runOnlyForDeploymentPostprocessing = 0;
		};
		2AF0B2D71C91210600148105 /* Resources */ = {
			isa = PBXResourcesBuildPhase;
			buildActionMask = 2147483647;
			files = (
			);
			runOnlyForDeploymentPostprocessing = 0;
		};
		2AF0B2E21C91210600148105 /* Resources */ = {
			isa = PBXResourcesBuildPhase;
			buildActionMask = 2147483647;
			files = (
			);
			runOnlyForDeploymentPostprocessing = 0;
		};
/* End PBXResourcesBuildPhase section */

/* Begin PBXSourcesBuildPhase section */
		2AF0B2BC1C91210600148105 /* Sources */ = {
			isa = PBXSourcesBuildPhase;
			buildActionMask = 2147483647;
			files = (
				2AF0B2CB1C91210600148105 /* ViewController.m in Sources */,
				2AF0B2FC1C914E8E00148105 /* NSTimer+ForLMJEndlessLoopScrollView.m in Sources */,
				2AF0B2C81C91210600148105 /* AppDelegate.m in Sources */,
				2AF0B2F91C91214700148105 /* LMJEndlessLoopScrollView.m in Sources */,
				2AF0B2C51C91210600148105 /* main.m in Sources */,
			);
			runOnlyForDeploymentPostprocessing = 0;
		};
		2AF0B2D51C91210600148105 /* Sources */ = {
			isa = PBXSourcesBuildPhase;
			buildActionMask = 2147483647;
			files = (
				2AF0B2DE1C91210600148105 /* LMJEndlessLoopScrollTests.m in Sources */,
			);
			runOnlyForDeploymentPostprocessing = 0;
		};
		2AF0B2E01C91210600148105 /* Sources */ = {
			isa = PBXSourcesBuildPhase;
			buildActionMask = 2147483647;
			files = (
				2AF0B2E91C91210600148105 /* LMJEndlessLoopScrollUITests.m in Sources */,
			);
			runOnlyForDeploymentPostprocessing = 0;
		};
/* End PBXSourcesBuildPhase section */

/* Begin PBXTargetDependency section */
		2AF0B2DB1C91210600148105 /* PBXTargetDependency */ = {
			isa = PBXTargetDependency;
			target = 2AF0B2BF1C91210600148105 /* LMJEndlessLoopScroll */;
			targetProxy = 2AF0B2DA1C91210600148105 /* PBXContainerItemProxy */;
		};
		2AF0B2E61C91210600148105 /* PBXTargetDependency */ = {
			isa = PBXTargetDependency;
			target = 2AF0B2BF1C91210600148105 /* LMJEndlessLoopScroll */;
			targetProxy = 2AF0B2E51C91210600148105 /* PBXContainerItemProxy */;
		};
/* End PBXTargetDependency section */

/* Begin PBXVariantGroup section */
		2AF0B2CC1C91210600148105 /* Main.storyboard */ = {
			isa = PBXVariantGroup;
			children = (
				2AF0B2CD1C91210600148105 /* Base */,
			);
			name = Main.storyboard;
			sourceTree = "<group>";
		};
		2AF0B2D11C91210600148105 /* LaunchScreen.storyboard */ = {
			isa = PBXVariantGroup;
			children = (
				2AF0B2D21C91210600148105 /* Base */,
			);
			name = LaunchScreen.storyboard;
			sourceTree = "<group>";
		};
/* End PBXVariantGroup section */

/* Begin XCBuildConfiguration section */
		2AF0B2EB1C91210600148105 /* Debug */ = {
			isa = XCBuildConfiguration;
			buildSettings = {
				ALWAYS_SEARCH_USER_PATHS = NO;
				CLANG_CXX_LANGUAGE_STANDARD = "gnu++0x";
				CLANG_CXX_LIBRARY = "libc++";
				CLANG_ENABLE_MODULES = YES;
				CLANG_ENABLE_OBJC_ARC = YES;
				CLANG_WARN_BOOL_CONVERSION = YES;
				CLANG_WARN_CONSTANT_CONVERSION = YES;
				CLANG_WARN_DIRECT_OBJC_ISA_USAGE = YES_ERROR;
				CLANG_WARN_EMPTY_BODY = YES;
				CLANG_WARN_ENUM_CONVERSION = YES;
				CLANG_WARN_INT_CONVERSION = YES;
				CLANG_WARN_OBJC_ROOT_CLASS = YES_ERROR;
				CLANG_WARN_UNREACHABLE_CODE = YES;
				CLANG_WARN__DUPLICATE_METHOD_MATCH = YES;
				"CODE_SIGN_IDENTITY[sdk=iphoneos*]" = "iPhone Developer";
				COPY_PHASE_STRIP = NO;
				DEBUG_INFORMATION_FORMAT = dwarf;
				ENABLE_STRICT_OBJC_MSGSEND = YES;
				ENABLE_TESTABILITY = YES;
				GCC_C_LANGUAGE_STANDARD = gnu99;
				GCC_DYNAMIC_NO_PIC = NO;
				GCC_NO_COMMON_BLOCKS = YES;
				GCC_OPTIMIZATION_LEVEL = 0;
				GCC_PREPROCESSOR_DEFINITIONS = (
					"DEBUG=1",
					"$(inherited)",
				);
				GCC_WARN_64_TO_32_BIT_CONVERSION = YES;
				GCC_WARN_ABOUT_RETURN_TYPE = YES_ERROR;
				GCC_WARN_UNDECLARED_SELECTOR = YES;
				GCC_WARN_UNINITIALIZED_AUTOS = YES_AGGRESSIVE;
				GCC_WARN_UNUSED_FUNCTION = YES;
				GCC_WARN_UNUSED_VARIABLE = YES;
				IPHONEOS_DEPLOYMENT_TARGET = 9.2;
				MTL_ENABLE_DEBUG_INFO = YES;
				ONLY_ACTIVE_ARCH = YES;
				SDKROOT = iphoneos;
				TARGETED_DEVICE_FAMILY = "1,2";
			};
			name = Debug;
		};
		2AF0B2EC1C91210600148105 /* Release */ = {
			isa = XCBuildConfiguration;
			buildSettings = {
				ALWAYS_SEARCH_USER_PATHS = NO;
				CLANG_CXX_LANGUAGE_STANDARD = "gnu++0x";
				CLANG_CXX_LIBRARY = "libc++";
				CLANG_ENABLE_MODULES = YES;
				CLANG_ENABLE_OBJC_ARC = YES;
				CLANG_WARN_BOOL_CONVERSION = YES;
				CLANG_WARN_CONSTANT_CONVERSION = YES;
				CLANG_WARN_DIRECT_OBJC_ISA_USAGE = YES_ERROR;
				CLANG_WARN_EMPTY_BODY = YES;
				CLANG_WARN_ENUM_CONVERSION = YES;
				CLANG_WARN_INT_CONVERSION = YES;
				CLANG_WARN_OBJC_ROOT_CLASS = YES_ERROR;
				CLANG_WARN_UNREACHABLE_CODE = YES;
				CLANG_WARN__DUPLICATE_METHOD_MATCH = YES;
				"CODE_SIGN_IDENTITY[sdk=iphoneos*]" = "iPhone Developer";
				COPY_PHASE_STRIP = NO;
				DEBUG_INFORMATION_FORMAT = "dwarf-with-dsym";
				ENABLE_NS_ASSERTIONS = NO;
				ENABLE_STRICT_OBJC_MSGSEND = YES;
				GCC_C_LANGUAGE_STANDARD = gnu99;
				GCC_NO_COMMON_BLOCKS = YES;
				GCC_WARN_64_TO_32_BIT_CONVERSION = YES;
				GCC_WARN_ABOUT_RETURN_TYPE = YES_ERROR;
				GCC_WARN_UNDECLARED_SELECTOR = YES;
				GCC_WARN_UNINITIALIZED_AUTOS = YES_AGGRESSIVE;
				GCC_WARN_UNUSED_FUNCTION = YES;
				GCC_WARN_UNUSED_VARIABLE = YES;
				IPHONEOS_DEPLOYMENT_TARGET = 9.2;
				MTL_ENABLE_DEBUG_INFO = NO;
				SDKROOT = iphoneos;
				TARGETED_DEVICE_FAMILY = "1,2";
				VALIDATE_PRODUCT = YES;
			};
			name = Release;
		};
		2AF0B2EE1C91210600148105 /* Debug */ = {
			isa = XCBuildConfiguration;
			buildSettings = {
				ASSETCATALOG_COMPILER_APPICON_NAME = AppIcon;
				INFOPLIST_FILE = LMJEndlessLoopScroll/Info.plist;
				LD_RUNPATH_SEARCH_PATHS = "$(inherited) @executable_path/Frameworks";
				PRODUCT_BUNDLE_IDENTIFIER = com.LMJ.LMJEndlessLoopScroll;
				PRODUCT_NAME = "$(TARGET_NAME)";
			};
			name = Debug;
		};
		2AF0B2EF1C91210600148105 /* Release */ = {
			isa = XCBuildConfiguration;
			buildSettings = {
				ASSETCATALOG_COMPILER_APPICON_NAME = AppIcon;
				INFOPLIST_FILE = LMJEndlessLoopScroll/Info.plist;
				LD_RUNPATH_SEARCH_PATHS = "$(inherited) @executable_path/Frameworks";
				PRODUCT_BUNDLE_IDENTIFIER = com.LMJ.LMJEndlessLoopScroll;
				PRODUCT_NAME = "$(TARGET_NAME)";
			};
			name = Release;
		};
		2AF0B2F11C91210600148105 /* Debug */ = {
			isa = XCBuildConfiguration;
			buildSettings = {
				BUNDLE_LOADER = "$(TEST_HOST)";
				INFOPLIST_FILE = LMJEndlessLoopScrollTests/Info.plist;
				LD_RUNPATH_SEARCH_PATHS = "$(inherited) @executable_path/Frameworks @loader_path/Frameworks";
				PRODUCT_BUNDLE_IDENTIFIER = com.LMJ.LMJEndlessLoopScrollTests;
				PRODUCT_NAME = "$(TARGET_NAME)";
				TEST_HOST = "$(BUILT_PRODUCTS_DIR)/LMJEndlessLoopScroll.app/LMJEndlessLoopScroll";
			};
			name = Debug;
		};
		2AF0B2F21C91210600148105 /* Release */ = {
			isa = XCBuildConfiguration;
			buildSettings = {
				BUNDLE_LOADER = "$(TEST_HOST)";
				INFOPLIST_FILE = LMJEndlessLoopScrollTests/Info.plist;
				LD_RUNPATH_SEARCH_PATHS = "$(inherited) @executable_path/Frameworks @loader_path/Frameworks";
				PRODUCT_BUNDLE_IDENTIFIER = com.LMJ.LMJEndlessLoopScrollTests;
				PRODUCT_NAME = "$(TARGET_NAME)";
				TEST_HOST = "$(BUILT_PRODUCTS_DIR)/LMJEndlessLoopScroll.app/LMJEndlessLoopScroll";
			};
			name = Release;
		};
		2AF0B2F41C91210600148105 /* Debug */ = {
			isa = XCBuildConfiguration;
			buildSettings = {
				INFOPLIST_FILE = LMJEndlessLoopScrollUITests/Info.plist;
				LD_RUNPATH_SEARCH_PATHS = "$(inherited) @executable_path/Frameworks @loader_path/Frameworks";
				PRODUCT_BUNDLE_IDENTIFIER = com.LMJ.LMJEndlessLoopScrollUITests;
				PRODUCT_NAME = "$(TARGET_NAME)";
				TEST_TARGET_NAME = LMJEndlessLoopScroll;
				USES_XCTRUNNER = YES;
			};
			name = Debug;
		};
		2AF0B2F51C91210600148105 /* Release */ = {
			isa = XCBuildConfiguration;
			buildSettings = {
				INFOPLIST_FILE = LMJEndlessLoopScrollUITests/Info.plist;
				LD_RUNPATH_SEARCH_PATHS = "$(inherited) @executable_path/Frameworks @loader_path/Frameworks";
				PRODUCT_BUNDLE_IDENTIFIER = com.LMJ.LMJEndlessLoopScrollUITests;
				PRODUCT_NAME = "$(TARGET_NAME)";
				TEST_TARGET_NAME = LMJEndlessLoopScroll;
				USES_XCTRUNNER = YES;
			};
			name = Release;
		};
/* End XCBuildConfiguration section */

/* Begin XCConfigurationList section */
		2AF0B2BB1C91210600148105 /* Build configuration list for PBXProject "LMJEndlessLoopScroll" */ = {
			isa = XCConfigurationList;
			buildConfigurations = (
				2AF0B2EB1C91210600148105 /* Debug */,
				2AF0B2EC1C91210600148105 /* Release */,
			);
			defaultConfigurationIsVisible = 0;
			defaultConfigurationName = Release;
		};
		2AF0B2ED1C91210600148105 /* Build configuration list for PBXNativeTarget "LMJEndlessLoopScroll" */ = {
			isa = XCConfigurationList;
			buildConfigurations = (
				2AF0B2EE1C91210600148105 /* Debug */,
				2AF0B2EF1C91210600148105 /* Release */,
			);
			defaultConfigurationIsVisible = 0;
		};
		2AF0B2F01C91210600148105 /* Build configuration list for PBXNativeTarget "LMJEndlessLoopScrollTests" */ = {
			isa = XCConfigurationList;
			buildConfigurations = (
				2AF0B2F11C91210600148105 /* Debug */,
				2AF0B2F21C91210600148105 /* Release */,
			);
			defaultConfigurationIsVisible = 0;
		};
		2AF0B2F31C91210600148105 /* Build configuration list for PBXNativeTarget "LMJEndlessLoopScrollUITests" */ = {
			isa = XCConfigurationList;
			buildConfigurations = (
				2AF0B2F41C91210600148105 /* Debug */,
				2AF0B2F51C91210600148105 /* Release */,
			);
			defaultConfigurationIsVisible = 0;
		};
/* End XCConfigurationList section */
	};
	rootObject = 2AF0B2B81C91210600148105 /* Project object */;
}
